
Microsoft Visual Studio Solution File, Format Version 12.00
# Visual Studio Version 16
VisualStudioVersion = 16.0.32228.343
MinimumVisualStudioVersion = 10.0.40219.1
Project("{FAE04EC0-301F-11D3-BF4B-00C04F79EFBC}") = "SngLib", "SngLib\SngLib.csproj", "{AB81A1E5-9044-485E-9B0D-6FFE1B5F424F}"
EndProject
Project("{FAE04EC0-301F-11D3-BF4B-00C04F79EFBC}") = "SngCli", "SngCli\SngCli.csproj", "{4B6B2C84-C516-47A1-B78F-EB465C006128}"
EndProject
Project("{FAE04EC0-301F-11D3-BF4B-00C04F79EFBC}") = "SongLib", "SongLib\SongLib.csproj", "{F8CFEC77-2454-482C-9613-7C55935270F3}"
EndProject
Project("{FAE04EC0-301F-11D3-BF4B-00C04F79EFBC}") = "NLayer", "NLayer\NLayer.csproj", "{0D789C98-4957-473A-9753-BB97D0DC743D}"
EndProject
Project("{FAE04EC0-301F-11D3-BF4B-00C04F79EFBC}") = "NVorbis", "NVorbis\NVorbis.csproj", "{018993E2-EB63-4D66-84B0-0B5D0EC1D7C1}"
EndProject
Project("{FAE04EC0-301F-11D3-BF4B-00C04F79EFBC}") = "mp3test", "mp3test\mp3test.csproj", "{6DD2AA79-1283-4942-BB0D-CC24BE79934A}"
EndProject
Global
	GlobalSection(SolutionConfigurationPlatforms) = preSolution
		Debug|Any CPU = Debug|Any CPU
		Release|Any CPU = Release|Any CPU
	EndGlobalSection
	GlobalSection(ProjectConfigurationPlatforms) = postSolution
		{AB81A1E5-9044-485E-9B0D-6FFE1B5F424F}.Debug|Any CPU.ActiveCfg = Debug|Any CPU
		{AB81A1E5-9044-485E-9B0D-6FFE1B5F424F}.Debug|Any CPU.Build.0 = Debug|Any CPU
		{AB81A1E5-9044-485E-9B0D-6FFE1B5F424F}.Release|Any CPU.ActiveCfg = Release|Any CPU
		{AB81A1E5-9044-485E-9B0D-6FFE1B5F424F}.Release|Any CPU.Build.0 = Release|Any CPU
		{4B6B2C84-C516-47A1-B78F-EB465C006128}.Debug|Any CPU.ActiveCfg = Debug|Any CPU
		{4B6B2C84-C516-47A1-B78F-EB465C006128}.Debug|Any CPU.Build.0 = Debug|Any CPU
		{4B6B2C84-C516-47A1-B78F-EB465C006128}.Release|Any CPU.ActiveCfg = Release|Any CPU
		{4B6B2C84-C516-47A1-B78F-EB465C006128}.Release|Any CPU.Build.0 = Release|Any CPU
		{F8CFEC77-2454-482C-9613-7C55935270F3}.Debug|Any CPU.ActiveCfg = Debug|Any CPU
		{F8CFEC77-2454-482C-9613-7C55935270F3}.Debug|Any CPU.Build.0 = Debug|Any CPU
		{F8CFEC77-2454-482C-9613-7C55935270F3}.Release|Any CPU.ActiveCfg = Release|Any CPU
		{F8CFEC77-2454-482C-9613-7C55935270F3}.Release|Any CPU.Build.0 = Release|Any CPU
		{0D789C98-4957-473A-9753-BB97D0DC743D}.Debug|Any CPU.ActiveCfg = Debug|Any CPU
		{0D789C98-4957-473A-9753-BB97D0DC743D}.Debug|Any CPU.Build.0 = Debug|Any CPU
		{0D789C98-4957-473A-9753-BB97D0DC743D}.Release|Any CPU.ActiveCfg = Release|Any CPU
		{0D789C98-4957-473A-9753-BB97D0DC743D}.Release|Any CPU.Build.0 = Release|Any CPU
		{018993E2-EB63-4D66-84B0-0B5D0EC1D7C1}.Debug|Any CPU.ActiveCfg = Debug|Any CPU
		{018993E2-EB63-4D66-84B0-0B5D0EC1D7C1}.Debug|Any CPU.Build.0 = Debug|Any CPU
		{018993E2-EB63-4D66-84B0-0B5D0EC1D7C1}.Release|Any CPU.ActiveCfg = Release|Any CPU
		{018993E2-EB63-4D66-84B0-0B5D0EC1D7C1}.Release|Any CPU.Build.0 = Release|Any CPU
		{6DD2AA79-1283-4942-BB0D-CC24BE79934A}.Debug|Any CPU.ActiveCfg = Debug|Any CPU
		{6DD2AA79-1283-4942-BB0D-CC24BE79934A}.Debug|Any CPU.Build.0 = Debug|Any CPU
		{6DD2AA79-1283-4942-BB0D-CC24BE79934A}.Release|Any CPU.ActiveCfg = Release|Any CPU
		{6DD2AA79-1283-4942-BB0D-CC24BE79934A}.Release|Any CPU.Build.0 = Release|Any CPU
	EndGlobalSection
	GlobalSection(SolutionProperties) = preSolution
		HideSolutionNode = FALSE
	EndGlobalSection
	GlobalSection(ExtensibilityGlobals) = postSolution
		SolutionGuid = {9DA3557A-98F2-429A-9C79-29C0B7371CC6}
	EndGlobalSection
EndGlobal
